
Microsoft Visual Studio Solution File, Format Version 12.00
# Visual Studio 15
VisualStudioVersion = 15.0.27004.2005
MinimumVisualStudioVersion = 10.0.40219.1
Project("{9A19103F-16F7-4668-BE54-9A1E7A4F7556}") = "isukces.code", "isukces.code\isukces.code.csproj", "{CC04E3F2-AD7A-4991-8BB3-CAB745F162C2}"
EndProject
Project("{9A19103F-16F7-4668-BE54-9A1E7A4F7556}") = "isukces.code.Tests", "isukces.code.Tests\isukces.code.Tests.csproj", "{09FB4C79-446C-4395-8584-ECC2A13A5A31}"
EndProject
Project("{FAE04EC0-301F-11D3-BF4B-00C04F79EFBC}") = "isukces.code.Serenity", "isukces.code.Serenity\isukces.code.Serenity.csproj", "{9961DBCD-DE78-4B23-B4AE-F784DF6AB4AB}"
EndProject
Project("{FAE04EC0-301F-11D3-BF4B-00C04F79EFBC}") = "AutoCodeBuilder", "AutoCodeBuilder\AutoCodeBuilder.csproj", "{3A555F64-5F1A-4757-8F73-97E92C7B0385}"
EndProject
Project("{FAE04EC0-301F-11D3-BF4B-00C04F79EFBC}") = "isukces.code.vssolutions", "isukces.code.vssolutions\isukces.code.vssolutions.csproj", "{B4E816A6-04FD-4529-83A1-5D0ED68BEF3E}"
EndProject
Project("{FAE04EC0-301F-11D3-BF4B-00C04F79EFBC}") = "Bitbrains.AmmyParser", "Bitbrains.AmmyParser\Bitbrains.AmmyParser.csproj", "{62B93CA3-CE40-4E2C-8F53-CE186B1BDFAD}"
EndProject
Project("{FAE04EC0-301F-11D3-BF4B-00C04F79EFBC}") = "Bitbrains.AmmyParser.Tests", "Bitbrains.AmmyParser.Tests\Bitbrains.AmmyParser.Tests.csproj", "{C4D3F488-9A62-44B1-ACAD-A79502CDC621}"
EndProject
Global
	GlobalSection(SolutionConfigurationPlatforms) = preSolution
		Debug|Any CPU = Debug|Any CPU
		Release|Any CPU = Release|Any CPU
	EndGlobalSection
	GlobalSection(ProjectConfigurationPlatforms) = postSolution
		{CC04E3F2-AD7A-4991-8BB3-CAB745F162C2}.Debug|Any CPU.ActiveCfg = Debug|Any CPU
		{CC04E3F2-AD7A-4991-8BB3-CAB745F162C2}.Debug|Any CPU.Build.0 = Debug|Any CPU
		{CC04E3F2-AD7A-4991-8BB3-CAB745F162C2}.Debug|x64.ActiveCfg = Debug|Any CPU
		{CC04E3F2-AD7A-4991-8BB3-CAB745F162C2}.Debug|x64.Build.0 = Debug|Any CPU
		{CC04E3F2-AD7A-4991-8BB3-CAB745F162C2}.Debug|x86.ActiveCfg = Debug|Any CPU
		{CC04E3F2-AD7A-4991-8BB3-CAB745F162C2}.Debug|x86.Build.0 = Debug|Any CPU
		{CC04E3F2-AD7A-4991-8BB3-CAB745F162C2}.Debug32|Any CPU.ActiveCfg = Debug|Any CPU
		{CC04E3F2-AD7A-4991-8BB3-CAB745F162C2}.Debug32|Any CPU.Build.0 = Debug|Any CPU
		{CC04E3F2-AD7A-4991-8BB3-CAB745F162C2}.Debug32|x64.ActiveCfg = Debug|Any CPU
		{CC04E3F2-AD7A-4991-8BB3-CAB745F162C2}.Debug32|x64.Build.0 = Debug|Any CPU
		{CC04E3F2-AD7A-4991-8BB3-CAB745F162C2}.Debug32|x86.ActiveCfg = Debug|Any CPU
		{CC04E3F2-AD7A-4991-8BB3-CAB745F162C2}.Debug32|x86.Build.0 = Debug|Any CPU
		{CC04E3F2-AD7A-4991-8BB3-CAB745F162C2}.Release 64|Any CPU.ActiveCfg = Release|Any CPU
		{CC04E3F2-AD7A-4991-8BB3-CAB745F162C2}.Release 64|Any CPU.Build.0 = Release|Any CPU
		{CC04E3F2-AD7A-4991-8BB3-CAB745F162C2}.Release 64|x64.ActiveCfg = Release|Any CPU
		{CC04E3F2-AD7A-4991-8BB3-CAB745F162C2}.Release 64|x64.Build.0 = Release|Any CPU
		{CC04E3F2-AD7A-4991-8BB3-CAB745F162C2}.Release 64|x86.ActiveCfg = Release|Any CPU
		{CC04E3F2-AD7A-4991-8BB3-CAB745F162C2}.Release 64|x86.Build.0 = Release|Any CPU
		{CC04E3F2-AD7A-4991-8BB3-CAB745F162C2}.Release|Any CPU.ActiveCfg = Release|Any CPU
		{CC04E3F2-AD7A-4991-8BB3-CAB745F162C2}.Release|Any CPU.Build.0 = Release|Any CPU
		{CC04E3F2-AD7A-4991-8BB3-CAB745F162C2}.Release|x64.ActiveCfg = Release|Any CPU
		{CC04E3F2-AD7A-4991-8BB3-CAB745F162C2}.Release|x64.Build.0 = Release|Any CPU
		{CC04E3F2-AD7A-4991-8BB3-CAB745F162C2}.Release|x86.ActiveCfg = Release|Any CPU
		{CC04E3F2-AD7A-4991-8BB3-CAB745F162C2}.Release|x86.Build.0 = Release|Any CPU
		{09FB4C79-446C-4395-8584-ECC2A13A5A31}.Debug|Any CPU.ActiveCfg = Debug|Any CPU
		{09FB4C79-446C-4395-8584-ECC2A13A5A31}.Debug|Any CPU.Build.0 = Debug|Any CPU
		{09FB4C79-446C-4395-8584-ECC2A13A5A31}.Debug|x64.ActiveCfg = Debug|Any CPU
		{09FB4C79-446C-4395-8584-ECC2A13A5A31}.Debug|x64.Build.0 = Debug|Any CPU
		{09FB4C79-446C-4395-8584-ECC2A13A5A31}.Debug|x86.ActiveCfg = Debug|Any CPU
		{09FB4C79-446C-4395-8584-ECC2A13A5A31}.Debug|x86.Build.0 = Debug|Any CPU
		{09FB4C79-446C-4395-8584-ECC2A13A5A31}.Debug32|Any CPU.ActiveCfg = Debug|Any CPU
		{09FB4C79-446C-4395-8584-ECC2A13A5A31}.Debug32|Any CPU.Build.0 = Debug|Any CPU
		{09FB4C79-446C-4395-8584-ECC2A13A5A31}.Debug32|x64.ActiveCfg = Debug|Any CPU
		{09FB4C79-446C-4395-8584-ECC2A13A5A31}.Debug32|x64.Build.0 = Debug|Any CPU
		{09FB4C79-446C-4395-8584-ECC2A13A5A31}.Debug32|x86.ActiveCfg = Debug|Any CPU
		{09FB4C79-446C-4395-8584-ECC2A13A5A31}.Debug32|x86.Build.0 = Debug|Any CPU
		{09FB4C79-446C-4395-8584-ECC2A13A5A31}.Release 64|Any CPU.ActiveCfg = Release|Any CPU
		{09FB4C79-446C-4395-8584-ECC2A13A5A31}.Release 64|Any CPU.Build.0 = Release|Any CPU
		{09FB4C79-446C-4395-8584-ECC2A13A5A31}.Release 64|x64.ActiveCfg = Release|Any CPU
		{09FB4C79-446C-4395-8584-ECC2A13A5A31}.Release 64|x64.Build.0 = Release|Any CPU
		{09FB4C79-446C-4395-8584-ECC2A13A5A31}.Release 64|x86.ActiveCfg = Release|Any CPU
		{09FB4C79-446C-4395-8584-ECC2A13A5A31}.Release 64|x86.Build.0 = Release|Any CPU
		{09FB4C79-446C-4395-8584-ECC2A13A5A31}.Release|Any CPU.ActiveCfg = Release|Any CPU
		{09FB4C79-446C-4395-8584-ECC2A13A5A31}.Release|Any CPU.Build.0 = Release|Any CPU
		{09FB4C79-446C-4395-8584-ECC2A13A5A31}.Release|x64.ActiveCfg = Release|Any CPU
		{09FB4C79-446C-4395-8584-ECC2A13A5A31}.Release|x64.Build.0 = Release|Any CPU
		{09FB4C79-446C-4395-8584-ECC2A13A5A31}.Release|x86.ActiveCfg = Release|Any CPU
		{09FB4C79-446C-4395-8584-ECC2A13A5A31}.Release|x86.Build.0 = Release|Any CPU
		{9961DBCD-DE78-4B23-B4AE-F784DF6AB4AB}.Debug|Any CPU.ActiveCfg = Debug|Any CPU
		{9961DBCD-DE78-4B23-B4AE-F784DF6AB4AB}.Debug|Any CPU.Build.0 = Debug|Any CPU
		{9961DBCD-DE78-4B23-B4AE-F784DF6AB4AB}.Debug|x64.ActiveCfg = Debug|Any CPU
		{9961DBCD-DE78-4B23-B4AE-F784DF6AB4AB}.Debug|x64.Build.0 = Debug|Any CPU
		{9961DBCD-DE78-4B23-B4AE-F784DF6AB4AB}.Debug|x86.ActiveCfg = Debug|Any CPU
		{9961DBCD-DE78-4B23-B4AE-F784DF6AB4AB}.Debug|x86.Build.0 = Debug|Any CPU
		{9961DBCD-DE78-4B23-B4AE-F784DF6AB4AB}.Debug32|Any CPU.ActiveCfg = Debug|Any CPU
		{9961DBCD-DE78-4B23-B4AE-F784DF6AB4AB}.Debug32|Any CPU.Build.0 = Debug|Any CPU
		{9961DBCD-DE78-4B23-B4AE-F784DF6AB4AB}.Debug32|x64.ActiveCfg = Debug|Any CPU
		{9961DBCD-DE78-4B23-B4AE-F784DF6AB4AB}.Debug32|x64.Build.0 = Debug|Any CPU
		{9961DBCD-DE78-4B23-B4AE-F784DF6AB4AB}.Debug32|x86.ActiveCfg = Debug|Any CPU
		{9961DBCD-DE78-4B23-B4AE-F784DF6AB4AB}.Debug32|x86.Build.0 = Debug|Any CPU
		{9961DBCD-DE78-4B23-B4AE-F784DF6AB4AB}.Release 64|Any CPU.ActiveCfg = Debug|Any CPU
		{9961DBCD-DE78-4B23-B4AE-F784DF6AB4AB}.Release 64|Any CPU.Build.0 = Debug|Any CPU
		{9961DBCD-DE78-4B23-B4AE-F784DF6AB4AB}.Release 64|x64.ActiveCfg = Debug|Any CPU
		{9961DBCD-DE78-4B23-B4AE-F784DF6AB4AB}.Release 64|x64.Build.0 = Debug|Any CPU
		{9961DBCD-DE78-4B23-B4AE-F784DF6AB4AB}.Release 64|x86.ActiveCfg = Debug|Any CPU
		{9961DBCD-DE78-4B23-B4AE-F784DF6AB4AB}.Release 64|x86.Build.0 = Debug|Any CPU
		{9961DBCD-DE78-4B23-B4AE-F784DF6AB4AB}.Release|Any CPU.ActiveCfg = Release|Any CPU
		{9961DBCD-DE78-4B23-B4AE-F784DF6AB4AB}.Release|Any CPU.Build.0 = Release|Any CPU
		{9961DBCD-DE78-4B23-B4AE-F784DF6AB4AB}.Release|x64.ActiveCfg = Release|Any CPU
		{9961DBCD-DE78-4B23-B4AE-F784DF6AB4AB}.Release|x64.Build.0 = Release|Any CPU
		{9961DBCD-DE78-4B23-B4AE-F784DF6AB4AB}.Release|x86.ActiveCfg = Release|Any CPU
		{9961DBCD-DE78-4B23-B4AE-F784DF6AB4AB}.Release|x86.Build.0 = Release|Any CPU
		{3A555F64-5F1A-4757-8F73-97E92C7B0385}.Debug|Any CPU.ActiveCfg = Debug|Any CPU
		{3A555F64-5F1A-4757-8F73-97E92C7B0385}.Debug|Any CPU.Build.0 = Debug|Any CPU
		{3A555F64-5F1A-4757-8F73-97E92C7B0385}.Debug|x64.ActiveCfg = Debug|Any CPU
		{3A555F64-5F1A-4757-8F73-97E92C7B0385}.Debug|x64.Build.0 = Debug|Any CPU
		{3A555F64-5F1A-4757-8F73-97E92C7B0385}.Debug|x86.ActiveCfg = Debug|Any CPU
		{3A555F64-5F1A-4757-8F73-97E92C7B0385}.Debug|x86.Build.0 = Debug|Any CPU
		{3A555F64-5F1A-4757-8F73-97E92C7B0385}.Debug32|Any CPU.ActiveCfg = Debug|Any CPU
		{3A555F64-5F1A-4757-8F73-97E92C7B0385}.Debug32|Any CPU.Build.0 = Debug|Any CPU
		{3A555F64-5F1A-4757-8F73-97E92C7B0385}.Debug32|x64.ActiveCfg = Debug|Any CPU
		{3A555F64-5F1A-4757-8F73-97E92C7B0385}.Debug32|x64.Build.0 = Debug|Any CPU
		{3A555F64-5F1A-4757-8F73-97E92C7B0385}.Debug32|x86.ActiveCfg = Debug|Any CPU
		{3A555F64-5F1A-4757-8F73-97E92C7B0385}.Debug32|x86.Build.0 = Debug|Any CPU
		{3A555F64-5F1A-4757-8F73-97E92C7B0385}.Release 64|Any CPU.ActiveCfg = Debug|Any CPU
		{3A555F64-5F1A-4757-8F73-97E92C7B0385}.Release 64|Any CPU.Build.0 = Debug|Any CPU
		{3A555F64-5F1A-4757-8F73-97E92C7B0385}.Release 64|x64.ActiveCfg = Debug|Any CPU
		{3A555F64-5F1A-4757-8F73-97E92C7B0385}.Release 64|x64.Build.0 = Debug|Any CPU
		{3A555F64-5F1A-4757-8F73-97E92C7B0385}.Release 64|x86.ActiveCfg = Debug|Any CPU
		{3A555F64-5F1A-4757-8F73-97E92C7B0385}.Release 64|x86.Build.0 = Debug|Any CPU
		{3A555F64-5F1A-4757-8F73-97E92C7B0385}.Release|Any CPU.ActiveCfg = Release|Any CPU
		{3A555F64-5F1A-4757-8F73-97E92C7B0385}.Release|Any CPU.Build.0 = Release|Any CPU
		{3A555F64-5F1A-4757-8F73-97E92C7B0385}.Release|x64.ActiveCfg = Release|Any CPU
		{3A555F64-5F1A-4757-8F73-97E92C7B0385}.Release|x64.Build.0 = Release|Any CPU
		{3A555F64-5F1A-4757-8F73-97E92C7B0385}.Release|x86.ActiveCfg = Release|Any CPU
		{3A555F64-5F1A-4757-8F73-97E92C7B0385}.Release|x86.Build.0 = Release|Any CPU
		{B4E816A6-04FD-4529-83A1-5D0ED68BEF3E}.Debug|Any CPU.ActiveCfg = Debug|Any CPU
		{B4E816A6-04FD-4529-83A1-5D0ED68BEF3E}.Debug|Any CPU.Build.0 = Debug|Any CPU
		{B4E816A6-04FD-4529-83A1-5D0ED68BEF3E}.Release|Any CPU.ActiveCfg = Release|Any CPU
		{B4E816A6-04FD-4529-83A1-5D0ED68BEF3E}.Release|Any CPU.Build.0 = Release|Any CPU
		{62B93CA3-CE40-4E2C-8F53-CE186B1BDFAD}.Debug|Any CPU.ActiveCfg = Debug|Any CPU
		{62B93CA3-CE40-4E2C-8F53-CE186B1BDFAD}.Debug|Any CPU.Build.0 = Debug|Any CPU
		{62B93CA3-CE40-4E2C-8F53-CE186B1BDFAD}.Release|Any CPU.ActiveCfg = Release|Any CPU
		{62B93CA3-CE40-4E2C-8F53-CE186B1BDFAD}.Release|Any CPU.Build.0 = Release|Any CPU
		{C4D3F488-9A62-44B1-ACAD-A79502CDC621}.Debug|Any CPU.ActiveCfg = Debug|Any CPU
		{C4D3F488-9A62-44B1-ACAD-A79502CDC621}.Debug|Any CPU.Build.0 = Debug|Any CPU
		{C4D3F488-9A62-44B1-ACAD-A79502CDC621}.Release|Any CPU.ActiveCfg = Release|Any CPU
		{C4D3F488-9A62-44B1-ACAD-A79502CDC621}.Release|Any CPU.Build.0 = Release|Any CPU
	EndGlobalSection
	GlobalSection(SolutionProperties) = preSolution
		HideSolutionNode = FALSE
	EndGlobalSection
	GlobalSection(ExtensibilityGlobals) = postSolution
		SolutionGuid = {3E99CB8A-81D5-43C9-970F-7CD1D267A7DB}
	EndGlobalSection
EndGlobal
