
Microsoft Visual Studio Solution File, Format Version 12.00
Project("{2150E333-8FDC-42A3-9474-1A3956D46DE8}") = "samples", "samples", "{02561C7E-1CFE-4C42-B09F-ADB1E46BD963}"
EndProject
Project("{FAE04EC0-301F-11D3-BF4B-00C04F79EFBC}") = "AmmySamples", "samples\AmmySamples\AmmySamples.csproj", "{7876BF5A-3E57-49D9-A381-80E8B5385CA6}"
EndProject
Project("{FAE04EC0-301F-11D3-BF4B-00C04F79EFBC}") = "EqualityGeneratorSample", "samples\EqualityGeneratorSample\EqualityGeneratorSample.csproj", "{D3E4331C-25E0-4929-A3DE-C8E6570BA894}"
EndProject
Project("{FAE04EC0-301F-11D3-BF4B-00C04F79EFBC}") = "Sample.AppWithCSharpCodeEmbedding", "samples\Sample.AppWithCSharpCodeEmbedding\Sample.AppWithCSharpCodeEmbedding.csproj", "{6741AC96-2F04-4842-BE39-4999FDD11415}"
EndProject
Project("{FAE04EC0-301F-11D3-BF4B-00C04F79EFBC}") = "AutoCodeBuilder", "AutoCodeBuilder\AutoCodeBuilder.csproj", "{8B345B42-4455-4CC9-A482-58D643246560}"
EndProject
Project("{FAE04EC0-301F-11D3-BF4B-00C04F79EFBC}") = "iSukces.Code", "isukces.code\iSukces.Code.csproj", "{80A63906-600D-410B-890D-9B03B94E944E}"
EndProject
Project("{FAE04EC0-301F-11D3-BF4B-00C04F79EFBC}") = "iSukces.Code.Irony", "iSukces.Code.Irony\iSukces.Code.Irony.csproj", "{E4A95F0A-DF07-4527-B506-3FA2981FB3B4}"
EndProject
Project("{FAE04EC0-301F-11D3-BF4B-00C04F79EFBC}") = "iSukces.Code.Tests", "isukces.code.Tests\iSukces.Code.Tests.csproj", "{0D50E69D-3C32-4E88-9F4F-5FAB66D1FECE}"
EndProject
Project("{FAE04EC0-301F-11D3-BF4B-00C04F79EFBC}") = "iSukces.Code.VsSolutions", "iSukces.Code.VsSolutions\iSukces.Code.VsSolutions.csproj", "{62546D8C-C6B8-449C-99FE-1D79BA43F57A}"
EndProject
Project("{FAE04EC0-301F-11D3-BF4B-00C04F79EFBC}") = "Build.iSukces.Code", "Build.iSukces.Code\Build.iSukces.Code.csproj", "{A932EEDC-9387-4B8F-87E1-E61FAA7328AA}"
EndProject
Global
	GlobalSection(SolutionConfigurationPlatforms) = preSolution
		Debug|Any CPU = Debug|Any CPU
		Release|Any CPU = Release|Any CPU
	EndGlobalSection
	GlobalSection(NestedProjects) = preSolution
		{7876BF5A-3E57-49D9-A381-80E8B5385CA6} = {02561C7E-1CFE-4C42-B09F-ADB1E46BD963}
		{D3E4331C-25E0-4929-A3DE-C8E6570BA894} = {02561C7E-1CFE-4C42-B09F-ADB1E46BD963}
		{6741AC96-2F04-4842-BE39-4999FDD11415} = {02561C7E-1CFE-4C42-B09F-ADB1E46BD963}
	EndGlobalSection
	GlobalSection(ProjectConfigurationPlatforms) = postSolution
		{7876BF5A-3E57-49D9-A381-80E8B5385CA6}.Debug|Any CPU.ActiveCfg = Debug|Any CPU
		{7876BF5A-3E57-49D9-A381-80E8B5385CA6}.Debug|Any CPU.Build.0 = Debug|Any CPU
		{7876BF5A-3E57-49D9-A381-80E8B5385CA6}.Release|Any CPU.ActiveCfg = Release|Any CPU
		{7876BF5A-3E57-49D9-A381-80E8B5385CA6}.Release|Any CPU.Build.0 = Release|Any CPU
		{D3E4331C-25E0-4929-A3DE-C8E6570BA894}.Debug|Any CPU.ActiveCfg = Debug|Any CPU
		{D3E4331C-25E0-4929-A3DE-C8E6570BA894}.Debug|Any CPU.Build.0 = Debug|Any CPU
		{D3E4331C-25E0-4929-A3DE-C8E6570BA894}.Release|Any CPU.ActiveCfg = Release|Any CPU
		{D3E4331C-25E0-4929-A3DE-C8E6570BA894}.Release|Any CPU.Build.0 = Release|Any CPU
		{6741AC96-2F04-4842-BE39-4999FDD11415}.Debug|Any CPU.ActiveCfg = Debug|Any CPU
		{6741AC96-2F04-4842-BE39-4999FDD11415}.Debug|Any CPU.Build.0 = Debug|Any CPU
		{6741AC96-2F04-4842-BE39-4999FDD11415}.Release|Any CPU.ActiveCfg = Release|Any CPU
		{6741AC96-2F04-4842-BE39-4999FDD11415}.Release|Any CPU.Build.0 = Release|Any CPU
		{8B345B42-4455-4CC9-A482-58D643246560}.Debug|Any CPU.ActiveCfg = Debug|Any CPU
		{8B345B42-4455-4CC9-A482-58D643246560}.Debug|Any CPU.Build.0 = Debug|Any CPU
		{8B345B42-4455-4CC9-A482-58D643246560}.Release|Any CPU.ActiveCfg = Release|Any CPU
		{8B345B42-4455-4CC9-A482-58D643246560}.Release|Any CPU.Build.0 = Release|Any CPU
		{80A63906-600D-410B-890D-9B03B94E944E}.Debug|Any CPU.ActiveCfg = Debug|Any CPU
		{80A63906-600D-410B-890D-9B03B94E944E}.Debug|Any CPU.Build.0 = Debug|Any CPU
		{80A63906-600D-410B-890D-9B03B94E944E}.Release|Any CPU.ActiveCfg = Release|Any CPU
		{80A63906-600D-410B-890D-9B03B94E944E}.Release|Any CPU.Build.0 = Release|Any CPU
		{E4A95F0A-DF07-4527-B506-3FA2981FB3B4}.Debug|Any CPU.ActiveCfg = Debug|Any CPU
		{E4A95F0A-DF07-4527-B506-3FA2981FB3B4}.Debug|Any CPU.Build.0 = Debug|Any CPU
		{E4A95F0A-DF07-4527-B506-3FA2981FB3B4}.Release|Any CPU.ActiveCfg = Release|Any CPU
		{E4A95F0A-DF07-4527-B506-3FA2981FB3B4}.Release|Any CPU.Build.0 = Release|Any CPU
		{0D50E69D-3C32-4E88-9F4F-5FAB66D1FECE}.Debug|Any CPU.ActiveCfg = Debug|Any CPU
		{0D50E69D-3C32-4E88-9F4F-5FAB66D1FECE}.Debug|Any CPU.Build.0 = Debug|Any CPU
		{0D50E69D-3C32-4E88-9F4F-5FAB66D1FECE}.Release|Any CPU.ActiveCfg = Release|Any CPU
		{0D50E69D-3C32-4E88-9F4F-5FAB66D1FECE}.Release|Any CPU.Build.0 = Release|Any CPU
		{62546D8C-C6B8-449C-99FE-1D79BA43F57A}.Debug|Any CPU.ActiveCfg = Debug|Any CPU
		{62546D8C-C6B8-449C-99FE-1D79BA43F57A}.Debug|Any CPU.Build.0 = Debug|Any CPU
		{62546D8C-C6B8-449C-99FE-1D79BA43F57A}.Release|Any CPU.ActiveCfg = Release|Any CPU
		{62546D8C-C6B8-449C-99FE-1D79BA43F57A}.Release|Any CPU.Build.0 = Release|Any CPU
		{A932EEDC-9387-4B8F-87E1-E61FAA7328AA}.Debug|Any CPU.ActiveCfg = Debug|Any CPU
		{A932EEDC-9387-4B8F-87E1-E61FAA7328AA}.Debug|Any CPU.Build.0 = Debug|Any CPU
		{A932EEDC-9387-4B8F-87E1-E61FAA7328AA}.Release|Any CPU.ActiveCfg = Release|Any CPU
		{A932EEDC-9387-4B8F-87E1-E61FAA7328AA}.Release|Any CPU.Build.0 = Release|Any CPU
	EndGlobalSection
EndGlobal
